
Microsoft Visual Studio Solution File, Format Version 12.00
# Visual Studio 2012
Project("{FAE04EC0-301F-11D3-BF4B-00C04F79EFBC}") = "ABC clinic", "ABC clinic\ABC clinic.csproj", "{8A78193B-2BDB-404C-AA92-786B50642597}"
EndProject
Project("{6141683F-8A12-4E36-9623-2EB02B2C2303}") = "Setup1", "Setup1\Setup1.isproj", "{0A3BC1AE-7BF2-4EF6-83C0-E0C193240EB7}"
EndProject
Global
	GlobalSection(SolutionConfigurationPlatforms) = preSolution
		CD_ROM|Any CPU = CD_ROM|Any CPU
		Debug|Any CPU = Debug|Any CPU
		DVD-5|Any CPU = DVD-5|Any CPU
		Release|Any CPU = Release|Any CPU
		SingleImage|Any CPU = SingleImage|Any CPU
	EndGlobalSection
	GlobalSection(ProjectConfigurationPlatforms) = postSolution
		{8A78193B-2BDB-404C-AA92-786B50642597}.CD_ROM|Any CPU.ActiveCfg = Release|Any CPU
		{8A78193B-2BDB-404C-AA92-786B50642597}.CD_ROM|Any CPU.Build.0 = Release|Any CPU
		{8A78193B-2BDB-404C-AA92-786B50642597}.Debug|Any CPU.ActiveCfg = Debug|Any CPU
		{8A78193B-2BDB-404C-AA92-786B50642597}.Debug|Any CPU.Build.0 = Debug|Any CPU
		{8A78193B-2BDB-404C-AA92-786B50642597}.DVD-5|Any CPU.ActiveCfg = Debug|Any CPU
		{8A78193B-2BDB-404C-AA92-786B50642597}.DVD-5|Any CPU.Build.0 = Debug|Any CPU
		{8A78193B-2BDB-404C-AA92-786B50642597}.Release|Any CPU.ActiveCfg = Release|Any CPU
		{8A78193B-2BDB-404C-AA92-786B50642597}.Release|Any CPU.Build.0 = Release|Any CPU
		{8A78193B-2BDB-404C-AA92-786B50642597}.SingleImage|Any CPU.ActiveCfg = Release|Any CPU
		{8A78193B-2BDB-404C-AA92-786B50642597}.SingleImage|Any CPU.Build.0 = Release|Any CPU
		{0A3BC1AE-7BF2-4EF6-83C0-E0C193240EB7}.CD_ROM|Any CPU.ActiveCfg = CD_ROM
		{0A3BC1AE-7BF2-4EF6-83C0-E0C193240EB7}.CD_ROM|Any CPU.Build.0 = CD_ROM
		{0A3BC1AE-7BF2-4EF6-83C0-E0C193240EB7}.Debug|Any CPU.ActiveCfg = DVD-5
		{0A3BC1AE-7BF2-4EF6-83C0-E0C193240EB7}.Debug|Any CPU.Build.0 = DVD-5
		{0A3BC1AE-7BF2-4EF6-83C0-E0C193240EB7}.DVD-5|Any CPU.ActiveCfg = DVD-5
		{0A3BC1AE-7BF2-4EF6-83C0-E0C193240EB7}.DVD-5|Any CPU.Build.0 = DVD-5
		{0A3BC1AE-7BF2-4EF6-83C0-E0C193240EB7}.Release|Any CPU.ActiveCfg = SingleImage
		{0A3BC1AE-7BF2-4EF6-83C0-E0C193240EB7}.Release|Any CPU.Build.0 = SingleImage
		{0A3BC1AE-7BF2-4EF6-83C0-E0C193240EB7}.SingleImage|Any CPU.ActiveCfg = SingleImage
		{0A3BC1AE-7BF2-4EF6-83C0-E0C193240EB7}.SingleImage|Any CPU.Build.0 = SingleImage
	EndGlobalSection
	GlobalSection(SolutionProperties) = preSolution
		HideSolutionNode = FALSE
	EndGlobalSection
EndGlobal
